// !$*UTF8*$!
{
	archiveVersion = 1;
	classes = {
	};
	objectVersion = 51;
	objects = {

/* Begin PBXBuildFile section */
		0A010D5B239609C200627B7B /* AppDelegate.swift in Sources */ = {isa = PBXBuildFile; fileRef = 0A010D5A239609C200627B7B /* AppDelegate.swift */; };
		0A010D5F239609C200627B7B /* SampleViewController.swift in Sources */ = {isa = PBXBuildFile; fileRef = 0A010D5E239609C200627B7B /* SampleViewController.swift */; };
		0A010D64239609C400627B7B /* Assets.xcassets in Resources */ = {isa = PBXBuildFile; fileRef = 0A010D63239609C400627B7B /* Assets.xcassets */; };
		0A010D67239609C400627B7B /* LaunchScreen.storyboard in Resources */ = {isa = PBXBuildFile; fileRef = 0A010D65239609C400627B7B /* LaunchScreen.storyboard */; };
		0A08E86F23B132AD002B5A21 /* Rx+MappingModels.swift in Sources */ = {isa = PBXBuildFile; fileRef = 0A08E86E23B132AD002B5A21 /* Rx+MappingModels.swift */; };
		0A08E87223B13405002B5A21 /* SampleService.swift in Sources */ = {isa = PBXBuildFile; fileRef = 0A08E87123B13405002B5A21 /* SampleService.swift */; };
		0A08E87423B140AE002B5A21 /* SampleTargetType.swift in Sources */ = {isa = PBXBuildFile; fileRef = 0A08E87323B140AE002B5A21 /* SampleTargetType.swift */; };
		0A08E87F23B18B58002B5A21 /* RxCollectionViewController.swift in Sources */ = {isa = PBXBuildFile; fileRef = 0A08E87E23B18B58002B5A21 /* RxCollectionViewController.swift */; };
		0A08E88223B18C44002B5A21 /* SampleSection.swift in Sources */ = {isa = PBXBuildFile; fileRef = 0A08E88123B18C44002B5A21 /* SampleSection.swift */; };
		0A22DFAF23A1D656009A4B42 /* SampleViewModel.swift in Sources */ = {isa = PBXBuildFile; fileRef = 0A22DFAE23A1D656009A4B42 /* SampleViewModel.swift */; };
		0A5A358E23B1213800BEAEA8 /* RequestProvider.swift in Sources */ = {isa = PBXBuildFile; fileRef = 0A5A358D23B1213800BEAEA8 /* RequestProvider.swift */; };
		0A5A359023B124D300BEAEA8 /* TargetType.swift in Sources */ = {isa = PBXBuildFile; fileRef = 0A5A358F23B124D300BEAEA8 /* TargetType.swift */; };
		0ABA745523D14E9700423047 /* RxTableViewController.swift in Sources */ = {isa = PBXBuildFile; fileRef = 0ABA745423D14E9700423047 /* RxTableViewController.swift */; };
		0AC78FEA23B5219A00871B8D /* SampleAdapter.swift in Sources */ = {isa = PBXBuildFile; fileRef = 0AC78FE923B5219A00871B8D /* SampleAdapter.swift */; };
		0AD5F52A23A574A500FC19E1 /* ViewModel.swift in Sources */ = {isa = PBXBuildFile; fileRef = 0AD5F52923A574A500FC19E1 /* ViewModel.swift */; };
		0AD5F52C23A6BC7F00FC19E1 /* ModuleManager.swift in Sources */ = {isa = PBXBuildFile; fileRef = 0AD5F52B23A6BC7F00FC19E1 /* ModuleManager.swift */; };
		0AD5F52E23A8613900FC19E1 /* AbstractMethod.swift in Sources */ = {isa = PBXBuildFile; fileRef = 0AD5F52D23A8613900FC19E1 /* AbstractMethod.swift */; };
		0AD5F53023ADC1D400FC19E1 /* RxBaseViewController.swift in Sources */ = {isa = PBXBuildFile; fileRef = 0AD5F52F23ADC1D400FC19E1 /* RxBaseViewController.swift */; };
		0AD5F53323ADC22500FC19E1 /* LoadableViewController.swift in Sources */ = {isa = PBXBuildFile; fileRef = 0AD5F53223ADC22500FC19E1 /* LoadableViewController.swift */; };
		0AD5F53823AE620200FC19E1 /* Rx+Extensions.swift in Sources */ = {isa = PBXBuildFile; fileRef = 0AD5F53723AE620200FC19E1 /* Rx+Extensions.swift */; };
		0AD5F53E23AE627A00FC19E1 /* SampleModuleManager.swift in Sources */ = {isa = PBXBuildFile; fileRef = 0AD5F53D23AE627A00FC19E1 /* SampleModuleManager.swift */; };
		0AD5F54023AE62AE00FC19E1 /* ModuleManagerProtocol.swift in Sources */ = {isa = PBXBuildFile; fileRef = 0AD5F53F23AE62AE00FC19E1 /* ModuleManagerProtocol.swift */; };
		0AD5F54323AE639700FC19E1 /* SampleView.swift in Sources */ = {isa = PBXBuildFile; fileRef = 0AD5F54223AE639700FC19E1 /* SampleView.swift */; };
		0AF9095623AE73770026F7A9 /* SampleReducer.swift in Sources */ = {isa = PBXBuildFile; fileRef = 0AF9095523AE73770026F7A9 /* SampleReducer.swift */; };
		0AF9095823AE739F0026F7A9 /* SampleState.swift in Sources */ = {isa = PBXBuildFile; fileRef = 0AF9095723AE739F0026F7A9 /* SampleState.swift */; };
		48402F1F23D1FFAE0033AC98 /* SampleAdapterSpec.swift in Sources */ = {isa = PBXBuildFile; fileRef = 48402F1E23D1FFAE0033AC98 /* SampleAdapterSpec.swift */; };
		48402F2223D200750033AC98 /* Quick+Extensions.swift in Sources */ = {isa = PBXBuildFile; fileRef = 48402F2123D200750033AC98 /* Quick+Extensions.swift */; };
		48402F2423D200CC0033AC98 /* Observable+Extensions.swift in Sources */ = {isa = PBXBuildFile; fileRef = 48402F2323D200CC0033AC98 /* Observable+Extensions.swift */; };
		48402F2723D201870033AC98 /* SampleAdapterBehaviour.swift in Sources */ = {isa = PBXBuildFile; fileRef = 48402F2623D201870033AC98 /* SampleAdapterBehaviour.swift */; };
		48402F2923D2023F0033AC98 /* TestableObservable+Extensions.swift in Sources */ = {isa = PBXBuildFile; fileRef = 48402F2823D2023F0033AC98 /* TestableObservable+Extensions.swift */; };
		48402F2C23D204780033AC98 /* SampleReducerSpec.swift in Sources */ = {isa = PBXBuildFile; fileRef = 48402F2B23D204780033AC98 /* SampleReducerSpec.swift */; };
		48402F2E23D206D20033AC98 /* SampleViewModelSpec.swift in Sources */ = {isa = PBXBuildFile; fileRef = 48402F2D23D206D20033AC98 /* SampleViewModelSpec.swift */; };
		48618FCF23D1F27F0035E6E3 /* User.swift in Sources */ = {isa = PBXBuildFile; fileRef = 48618FCE23D1F27F0035E6E3 /* User.swift */; };
		48618FD123D1F2AF0035E6E3 /* UserResponse.swift in Sources */ = {isa = PBXBuildFile; fileRef = 48618FD023D1F2AF0035E6E3 /* UserResponse.swift */; };
		48618FD323D1F92E0035E6E3 /* SampleAction.swift in Sources */ = {isa = PBXBuildFile; fileRef = 48618FD223D1F92E0035E6E3 /* SampleAction.swift */; };
		48618FD523D1F94E0035E6E3 /* SampleMutation.swift in Sources */ = {isa = PBXBuildFile; fileRef = 48618FD423D1F94E0035E6E3 /* SampleMutation.swift */; };
		568F6ED99EF7E2113BE61635 /* Pods_UnidirectionalDataFlow.framework in Frameworks */ = {isa = PBXBuildFile; fileRef = 61E02386E9065285C6E7F400 /* Pods_UnidirectionalDataFlow.framework */; };
		5A45BD487F95DE66D461597C /* Pods_UnidirectionalDataFlowTests.framework in Frameworks */ = {isa = PBXBuildFile; fileRef = C586CE6DD4838684B592A00A /* Pods_UnidirectionalDataFlowTests.framework */; };
/* End PBXBuildFile section */

/* Begin PBXContainerItemProxy section */
		48402F1923D1FEF70033AC98 /* PBXContainerItemProxy */ = {
			isa = PBXContainerItemProxy;
			containerPortal = 0A010D4F239609C200627B7B /* Project object */;
			proxyType = 1;
			remoteGlobalIDString = 0A010D56239609C200627B7B;
			remoteInfo = UnidirectionalDataFlow;
		};
/* End PBXContainerItemProxy section */

/* Begin PBXFileReference section */
		0A010D57239609C200627B7B /* UnidirectionalDataFlow.app */ = {isa = PBXFileReference; explicitFileType = wrapper.application; includeInIndex = 0; path = UnidirectionalDataFlow.app; sourceTree = BUILT_PRODUCTS_DIR; };
		0A010D5A239609C200627B7B /* AppDelegate.swift */ = {isa = PBXFileReference; lastKnownFileType = sourcecode.swift; path = AppDelegate.swift; sourceTree = "<group>"; };
		0A010D5E239609C200627B7B /* SampleViewController.swift */ = {isa = PBXFileReference; lastKnownFileType = sourcecode.swift; path = SampleViewController.swift; sourceTree = "<group>"; };
		0A010D63239609C400627B7B /* Assets.xcassets */ = {isa = PBXFileReference; lastKnownFileType = folder.assetcatalog; path = Assets.xcassets; sourceTree = "<group>"; };
		0A010D66239609C400627B7B /* Base */ = {isa = PBXFileReference; lastKnownFileType = file.storyboard; name = Base; path = Base.lproj/LaunchScreen.storyboard; sourceTree = "<group>"; };
		0A010D68239609C400627B7B /* Info.plist */ = {isa = PBXFileReference; lastKnownFileType = text.plist.xml; path = Info.plist; sourceTree = "<group>"; };
		0A08E86E23B132AD002B5A21 /* Rx+MappingModels.swift */ = {isa = PBXFileReference; lastKnownFileType = sourcecode.swift; path = "Rx+MappingModels.swift"; sourceTree = "<group>"; };
		0A08E87123B13405002B5A21 /* SampleService.swift */ = {isa = PBXFileReference; lastKnownFileType = sourcecode.swift; path = SampleService.swift; sourceTree = "<group>"; };
		0A08E87323B140AE002B5A21 /* SampleTargetType.swift */ = {isa = PBXFileReference; lastKnownFileType = sourcecode.swift; path = SampleTargetType.swift; sourceTree = "<group>"; };
		0A08E87E23B18B58002B5A21 /* RxCollectionViewController.swift */ = {isa = PBXFileReference; lastKnownFileType = sourcecode.swift; path = RxCollectionViewController.swift; sourceTree = "<group>"; };
		0A08E88123B18C44002B5A21 /* SampleSection.swift */ = {isa = PBXFileReference; lastKnownFileType = sourcecode.swift; path = SampleSection.swift; sourceTree = "<group>"; };
		0A22DFAE23A1D656009A4B42 /* SampleViewModel.swift */ = {isa = PBXFileReference; lastKnownFileType = sourcecode.swift; path = SampleViewModel.swift; sourceTree = "<group>"; };
		0A3A5264EA8EC97600726F6C /* Pods-Test.release.xcconfig */ = {isa = PBXFileReference; includeInIndex = 1; lastKnownFileType = text.xcconfig; name = "Pods-Test.release.xcconfig"; path = "Target Support Files/Pods-Test/Pods-Test.release.xcconfig"; sourceTree = "<group>"; };
		0A5A358D23B1213800BEAEA8 /* RequestProvider.swift */ = {isa = PBXFileReference; lastKnownFileType = sourcecode.swift; path = RequestProvider.swift; sourceTree = "<group>"; };
		0A5A358F23B124D300BEAEA8 /* TargetType.swift */ = {isa = PBXFileReference; lastKnownFileType = sourcecode.swift; path = TargetType.swift; sourceTree = "<group>"; };
		0ABA745423D14E9700423047 /* RxTableViewController.swift */ = {isa = PBXFileReference; lastKnownFileType = sourcecode.swift; path = RxTableViewController.swift; sourceTree = "<group>"; };
		0AC78FE923B5219A00871B8D /* SampleAdapter.swift */ = {isa = PBXFileReference; lastKnownFileType = sourcecode.swift; path = SampleAdapter.swift; sourceTree = "<group>"; };
		0AD5F52923A574A500FC19E1 /* ViewModel.swift */ = {isa = PBXFileReference; lastKnownFileType = sourcecode.swift; path = ViewModel.swift; sourceTree = "<group>"; };
		0AD5F52B23A6BC7F00FC19E1 /* ModuleManager.swift */ = {isa = PBXFileReference; lastKnownFileType = sourcecode.swift; path = ModuleManager.swift; sourceTree = "<group>"; };
		0AD5F52D23A8613900FC19E1 /* AbstractMethod.swift */ = {isa = PBXFileReference; lastKnownFileType = sourcecode.swift; path = AbstractMethod.swift; sourceTree = "<group>"; };
		0AD5F52F23ADC1D400FC19E1 /* RxBaseViewController.swift */ = {isa = PBXFileReference; lastKnownFileType = sourcecode.swift; path = RxBaseViewController.swift; sourceTree = "<group>"; };
		0AD5F53223ADC22500FC19E1 /* LoadableViewController.swift */ = {isa = PBXFileReference; lastKnownFileType = sourcecode.swift; path = LoadableViewController.swift; sourceTree = "<group>"; };
		0AD5F53723AE620200FC19E1 /* Rx+Extensions.swift */ = {isa = PBXFileReference; lastKnownFileType = sourcecode.swift; path = "Rx+Extensions.swift"; sourceTree = "<group>"; };
		0AD5F53D23AE627A00FC19E1 /* SampleModuleManager.swift */ = {isa = PBXFileReference; lastKnownFileType = sourcecode.swift; path = SampleModuleManager.swift; sourceTree = "<group>"; };
		0AD5F53F23AE62AE00FC19E1 /* ModuleManagerProtocol.swift */ = {isa = PBXFileReference; lastKnownFileType = sourcecode.swift; path = ModuleManagerProtocol.swift; sourceTree = "<group>"; };
		0AD5F54223AE639700FC19E1 /* SampleView.swift */ = {isa = PBXFileReference; lastKnownFileType = sourcecode.swift; path = SampleView.swift; sourceTree = "<group>"; };
		0AF9095523AE73770026F7A9 /* SampleReducer.swift */ = {isa = PBXFileReference; lastKnownFileType = sourcecode.swift; path = SampleReducer.swift; sourceTree = "<group>"; };
		0AF9095723AE739F0026F7A9 /* SampleState.swift */ = {isa = PBXFileReference; lastKnownFileType = sourcecode.swift; path = SampleState.swift; sourceTree = "<group>"; };
		454D36B92FA0E2D4F1556FE5 /* Pods-UnidirectionalDataFlowTests.release.xcconfig */ = {isa = PBXFileReference; includeInIndex = 1; lastKnownFileType = text.xcconfig; name = "Pods-UnidirectionalDataFlowTests.release.xcconfig"; path = "Target Support Files/Pods-UnidirectionalDataFlowTests/Pods-UnidirectionalDataFlowTests.release.xcconfig"; sourceTree = "<group>"; };
		48402F1423D1FEF70033AC98 /* UnidirectionalDataFlowTests.xctest */ = {isa = PBXFileReference; explicitFileType = wrapper.cfbundle; includeInIndex = 0; path = UnidirectionalDataFlowTests.xctest; sourceTree = BUILT_PRODUCTS_DIR; };
		48402F1823D1FEF70033AC98 /* Info.plist */ = {isa = PBXFileReference; lastKnownFileType = text.plist.xml; path = Info.plist; sourceTree = "<group>"; };
		48402F1E23D1FFAE0033AC98 /* SampleAdapterSpec.swift */ = {isa = PBXFileReference; lastKnownFileType = sourcecode.swift; path = SampleAdapterSpec.swift; sourceTree = "<group>"; };
		48402F2123D200750033AC98 /* Quick+Extensions.swift */ = {isa = PBXFileReference; lastKnownFileType = sourcecode.swift; path = "Quick+Extensions.swift"; sourceTree = "<group>"; };
		48402F2323D200CC0033AC98 /* Observable+Extensions.swift */ = {isa = PBXFileReference; lastKnownFileType = sourcecode.swift; path = "Observable+Extensions.swift"; sourceTree = "<group>"; };
		48402F2623D201870033AC98 /* SampleAdapterBehaviour.swift */ = {isa = PBXFileReference; lastKnownFileType = sourcecode.swift; path = SampleAdapterBehaviour.swift; sourceTree = "<group>"; };
		48402F2823D2023F0033AC98 /* TestableObservable+Extensions.swift */ = {isa = PBXFileReference; fileEncoding = 4; lastKnownFileType = sourcecode.swift; path = "TestableObservable+Extensions.swift"; sourceTree = "<group>"; };
		48402F2B23D204780033AC98 /* SampleReducerSpec.swift */ = {isa = PBXFileReference; lastKnownFileType = sourcecode.swift; path = SampleReducerSpec.swift; sourceTree = "<group>"; };
		48402F2D23D206D20033AC98 /* SampleViewModelSpec.swift */ = {isa = PBXFileReference; lastKnownFileType = sourcecode.swift; path = SampleViewModelSpec.swift; sourceTree = "<group>"; };
		48618FCE23D1F27F0035E6E3 /* User.swift */ = {isa = PBXFileReference; lastKnownFileType = sourcecode.swift; path = User.swift; sourceTree = "<group>"; };
		48618FD023D1F2AF0035E6E3 /* UserResponse.swift */ = {isa = PBXFileReference; lastKnownFileType = sourcecode.swift; path = UserResponse.swift; sourceTree = "<group>"; };
		48618FD223D1F92E0035E6E3 /* SampleAction.swift */ = {isa = PBXFileReference; lastKnownFileType = sourcecode.swift; path = SampleAction.swift; sourceTree = "<group>"; };
		48618FD423D1F94E0035E6E3 /* SampleMutation.swift */ = {isa = PBXFileReference; lastKnownFileType = sourcecode.swift; path = SampleMutation.swift; sourceTree = "<group>"; };
		4867B7E549A1531C9A5C5C3D /* Pods-Test.debug.xcconfig */ = {isa = PBXFileReference; includeInIndex = 1; lastKnownFileType = text.xcconfig; name = "Pods-Test.debug.xcconfig"; path = "Target Support Files/Pods-Test/Pods-Test.debug.xcconfig"; sourceTree = "<group>"; };
		61E02386E9065285C6E7F400 /* Pods_UnidirectionalDataFlow.framework */ = {isa = PBXFileReference; explicitFileType = wrapper.framework; includeInIndex = 0; path = Pods_UnidirectionalDataFlow.framework; sourceTree = BUILT_PRODUCTS_DIR; };
		66AC8BA71EE52663DFB370F0 /* Pods-UnidirectionalDataFlowTests.debug.xcconfig */ = {isa = PBXFileReference; includeInIndex = 1; lastKnownFileType = text.xcconfig; name = "Pods-UnidirectionalDataFlowTests.debug.xcconfig"; path = "Target Support Files/Pods-UnidirectionalDataFlowTests/Pods-UnidirectionalDataFlowTests.debug.xcconfig"; sourceTree = "<group>"; };
		8EA0C583E58A004485934906 /* Pods-UnidirectionalDataFlow.debug.xcconfig */ = {isa = PBXFileReference; includeInIndex = 1; lastKnownFileType = text.xcconfig; name = "Pods-UnidirectionalDataFlow.debug.xcconfig"; path = "Target Support Files/Pods-UnidirectionalDataFlow/Pods-UnidirectionalDataFlow.debug.xcconfig"; sourceTree = "<group>"; };
		C586CE6DD4838684B592A00A /* Pods_UnidirectionalDataFlowTests.framework */ = {isa = PBXFileReference; explicitFileType = wrapper.framework; includeInIndex = 0; path = Pods_UnidirectionalDataFlowTests.framework; sourceTree = BUILT_PRODUCTS_DIR; };
		F3A7CD1E9BC7B0E61B3EF1FC /* Pods-UnidirectionalDataFlow.release.xcconfig */ = {isa = PBXFileReference; includeInIndex = 1; lastKnownFileType = text.xcconfig; name = "Pods-UnidirectionalDataFlow.release.xcconfig"; path = "Target Support Files/Pods-UnidirectionalDataFlow/Pods-UnidirectionalDataFlow.release.xcconfig"; sourceTree = "<group>"; };
/* End PBXFileReference section */

/* Begin PBXFrameworksBuildPhase section */
		0A010D54239609C200627B7B /* Frameworks */ = {
			isa = PBXFrameworksBuildPhase;
			buildActionMask = 2147483647;
			files = (
				568F6ED99EF7E2113BE61635 /* Pods_UnidirectionalDataFlow.framework in Frameworks */,
			);
			runOnlyForDeploymentPostprocessing = 0;
		};
		48402F1123D1FEF70033AC98 /* Frameworks */ = {
			isa = PBXFrameworksBuildPhase;
			buildActionMask = 2147483647;
			files = (
				5A45BD487F95DE66D461597C /* Pods_UnidirectionalDataFlowTests.framework in Frameworks */,
			);
			runOnlyForDeploymentPostprocessing = 0;
		};
/* End PBXFrameworksBuildPhase section */

/* Begin PBXGroup section */
		0A010D4E239609C200627B7B = {
			isa = PBXGroup;
			children = (
				0A010D59239609C200627B7B /* UnidirectionalDataFlow */,
				48402F1523D1FEF70033AC98 /* UnidirectionalDataFlowTests */,
				0A010D58239609C200627B7B /* Products */,
				DB29B85EF8B46BB21EB484B3 /* Pods */,
				CB63034B9E2FBEAB7150CC82 /* Frameworks */,
			);
			sourceTree = "<group>";
		};
		0A010D58239609C200627B7B /* Products */ = {
			isa = PBXGroup;
			children = (
				0A010D57239609C200627B7B /* UnidirectionalDataFlow.app */,
				48402F1423D1FEF70033AC98 /* UnidirectionalDataFlowTests.xctest */,
			);
			name = Products;
			sourceTree = "<group>";
		};
		0A010D59239609C200627B7B /* UnidirectionalDataFlow */ = {
			isa = PBXGroup;
			children = (
				0A010D63239609C400627B7B /* Assets.xcassets */,
				0A010D65239609C400627B7B /* LaunchScreen.storyboard */,
				0A010D68239609C400627B7B /* Info.plist */,
				0A010D5A239609C200627B7B /* AppDelegate.swift */,
				0A5A358C23B1212400BEAEA8 /* Request */,
				0AD5F53623AE61E000FC19E1 /* Extensions */,
				0AD5F53523ADC2DF00FC19E1 /* Util */,
				0AD5F53123ADC20B00FC19E1 /* BaseViewControllers */,
				0AD5F53A23AE625300FC19E1 /* ViewModel */,
				0AD5F53923AE624900FC19E1 /* ModuleManager */,
				0AD5F53423ADC2AB00FC19E1 /* SampleModule */,
			);
			path = UnidirectionalDataFlow;
			sourceTree = "<group>";
		};
		0A08E87023B133FC002B5A21 /* Service */ = {
			isa = PBXGroup;
			children = (
				0A08E87123B13405002B5A21 /* SampleService.swift */,
				0A08E87323B140AE002B5A21 /* SampleTargetType.swift */,
			);
			path = Service;
			sourceTree = "<group>";
		};
		0A08E87523B1459E002B5A21 /* Response */ = {
			isa = PBXGroup;
			children = (
				48618FD023D1F2AF0035E6E3 /* UserResponse.swift */,
			);
			path = Response;
			sourceTree = "<group>";
		};
		0A08E87823B14864002B5A21 /* Model */ = {
			isa = PBXGroup;
			children = (
				48618FCE23D1F27F0035E6E3 /* User.swift */,
			);
			path = Model;
			sourceTree = "<group>";
		};
		0A08E87B23B163BE002B5A21 /* View */ = {
			isa = PBXGroup;
			children = (
				0AD5F54223AE639700FC19E1 /* SampleView.swift */,
			);
			path = View;
			sourceTree = "<group>";
		};
		0A08E88023B18C0E002B5A21 /* State */ = {
			isa = PBXGroup;
			children = (
				0A08E88123B18C44002B5A21 /* SampleSection.swift */,
				0AF9095723AE739F0026F7A9 /* SampleState.swift */,
			);
			path = State;
			sourceTree = "<group>";
		};
		0A5A358C23B1212400BEAEA8 /* Request */ = {
			isa = PBXGroup;
			children = (
				0A5A358D23B1213800BEAEA8 /* RequestProvider.swift */,
				0A5A358F23B124D300BEAEA8 /* TargetType.swift */,
				0A08E86E23B132AD002B5A21 /* Rx+MappingModels.swift */,
			);
			path = Request;
			sourceTree = "<group>";
		};
		0AC78FE823B5218100871B8D /* Adapter */ = {
			isa = PBXGroup;
			children = (
				0AC78FE923B5219A00871B8D /* SampleAdapter.swift */,
			);
			path = Adapter;
			sourceTree = "<group>";
		};
		0AD5F53123ADC20B00FC19E1 /* BaseViewControllers */ = {
			isa = PBXGroup;
			children = (
				0AD5F52F23ADC1D400FC19E1 /* RxBaseViewController.swift */,
				0ABA745423D14E9700423047 /* RxTableViewController.swift */,
				0A08E87E23B18B58002B5A21 /* RxCollectionViewController.swift */,
				0AD5F53223ADC22500FC19E1 /* LoadableViewController.swift */,
			);
			path = BaseViewControllers;
			sourceTree = "<group>";
		};
		0AD5F53423ADC2AB00FC19E1 /* SampleModule */ = {
			isa = PBXGroup;
			children = (
				48618FCD23D1F2520035E6E3 /* Action-Mutation */,
				48618FCC23D1F2230035E6E3 /* Reducer */,
				48618FCB23D1F2190035E6E3 /* ViewModel */,
				48618FCA23D1F2040035E6E3 /* Controller */,
				0AC78FE823B5218100871B8D /* Adapter */,
				0A08E88023B18C0E002B5A21 /* State */,
				0A08E87B23B163BE002B5A21 /* View */,
				0A08E87823B14864002B5A21 /* Model */,
				0A08E87523B1459E002B5A21 /* Response */,
				0A08E87023B133FC002B5A21 /* Service */,
				0AD5F53B23AE625D00FC19E1 /* ModuleManager */,
			);
			path = SampleModule;
			sourceTree = "<group>";
		};
		0AD5F53523ADC2DF00FC19E1 /* Util */ = {
			isa = PBXGroup;
			children = (
				0AD5F52D23A8613900FC19E1 /* AbstractMethod.swift */,
			);
			path = Util;
			sourceTree = "<group>";
		};
		0AD5F53623AE61E000FC19E1 /* Extensions */ = {
			isa = PBXGroup;
			children = (
				0AD5F53723AE620200FC19E1 /* Rx+Extensions.swift */,
			);
			path = Extensions;
			sourceTree = "<group>";
		};
		0AD5F53923AE624900FC19E1 /* ModuleManager */ = {
			isa = PBXGroup;
			children = (
				0AD5F53F23AE62AE00FC19E1 /* ModuleManagerProtocol.swift */,
				0AD5F52B23A6BC7F00FC19E1 /* ModuleManager.swift */,
			);
			path = ModuleManager;
			sourceTree = "<group>";
		};
		0AD5F53A23AE625300FC19E1 /* ViewModel */ = {
			isa = PBXGroup;
			children = (
				0AD5F52923A574A500FC19E1 /* ViewModel.swift */,
			);
			path = ViewModel;
			sourceTree = "<group>";
		};
		0AD5F53B23AE625D00FC19E1 /* ModuleManager */ = {
			isa = PBXGroup;
			children = (
				0AD5F53D23AE627A00FC19E1 /* SampleModuleManager.swift */,
			);
			path = ModuleManager;
			sourceTree = "<group>";
		};
		48402F1523D1FEF70033AC98 /* UnidirectionalDataFlowTests */ = {
			isa = PBXGroup;
			children = (
				48402F2023D200680033AC98 /* Extensions */,
				48402F2A23D204610033AC98 /* SampleModule */,
				48402F1823D1FEF70033AC98 /* Info.plist */,
			);
			path = UnidirectionalDataFlowTests;
			sourceTree = "<group>";
		};
		48402F2023D200680033AC98 /* Extensions */ = {
			isa = PBXGroup;
			children = (
				48402F2123D200750033AC98 /* Quick+Extensions.swift */,
				48402F2823D2023F0033AC98 /* TestableObservable+Extensions.swift */,
				48402F2323D200CC0033AC98 /* Observable+Extensions.swift */,
			);
			path = Extensions;
			sourceTree = "<group>";
		};
		48402F2A23D204610033AC98 /* SampleModule */ = {
			isa = PBXGroup;
			children = (
				48402F1E23D1FFAE0033AC98 /* SampleAdapterSpec.swift */,
				48402F2B23D204780033AC98 /* SampleReducerSpec.swift */,
				48402F2D23D206D20033AC98 /* SampleViewModelSpec.swift */,
				48402F2623D201870033AC98 /* SampleAdapterBehaviour.swift */,
			);
			path = SampleModule;
			sourceTree = "<group>";
		};
		48618FCA23D1F2040035E6E3 /* Controller */ = {
			isa = PBXGroup;
			children = (
				0A010D5E239609C200627B7B /* SampleViewController.swift */,
			);
			path = Controller;
			sourceTree = "<group>";
		};
		48618FCB23D1F2190035E6E3 /* ViewModel */ = {
			isa = PBXGroup;
			children = (
				0A22DFAE23A1D656009A4B42 /* SampleViewModel.swift */,
			);
			path = ViewModel;
			sourceTree = "<group>";
		};
		48618FCC23D1F2230035E6E3 /* Reducer */ = {
			isa = PBXGroup;
			children = (
				0AF9095523AE73770026F7A9 /* SampleReducer.swift */,
			);
			path = Reducer;
			sourceTree = "<group>";
		};
		48618FCD23D1F2520035E6E3 /* Action-Mutation */ = {
			isa = PBXGroup;
			children = (
				48618FD223D1F92E0035E6E3 /* SampleAction.swift */,
				48618FD423D1F94E0035E6E3 /* SampleMutation.swift */,
			);
			path = "Action-Mutation";
			sourceTree = "<group>";
		};
		CB63034B9E2FBEAB7150CC82 /* Frameworks */ = {
			isa = PBXGroup;
			children = (
				61E02386E9065285C6E7F400 /* Pods_UnidirectionalDataFlow.framework */,
				C586CE6DD4838684B592A00A /* Pods_UnidirectionalDataFlowTests.framework */,
			);
			name = Frameworks;
			sourceTree = "<group>";
		};
		DB29B85EF8B46BB21EB484B3 /* Pods */ = {
			isa = PBXGroup;
			children = (
				4867B7E549A1531C9A5C5C3D /* Pods-Test.debug.xcconfig */,
				0A3A5264EA8EC97600726F6C /* Pods-Test.release.xcconfig */,
				8EA0C583E58A004485934906 /* Pods-UnidirectionalDataFlow.debug.xcconfig */,
				F3A7CD1E9BC7B0E61B3EF1FC /* Pods-UnidirectionalDataFlow.release.xcconfig */,
				66AC8BA71EE52663DFB370F0 /* Pods-UnidirectionalDataFlowTests.debug.xcconfig */,
				454D36B92FA0E2D4F1556FE5 /* Pods-UnidirectionalDataFlowTests.release.xcconfig */,
			);
			path = Pods;
			sourceTree = "<group>";
		};
/* End PBXGroup section */

/* Begin PBXNativeTarget section */
		0A010D56239609C200627B7B /* UnidirectionalDataFlow */ = {
			isa = PBXNativeTarget;
			buildConfigurationList = 0A010D6B239609C400627B7B /* Build configuration list for PBXNativeTarget "UnidirectionalDataFlow" */;
			buildPhases = (
				047B21EA3D9BBD1A0097156E /* [CP] Check Pods Manifest.lock */,
				0A010D53239609C200627B7B /* Sources */,
				0A010D54239609C200627B7B /* Frameworks */,
				0A010D55239609C200627B7B /* Resources */,
				57BC5941AA4193C6960F4876 /* [CP] Embed Pods Frameworks */,
			);
			buildRules = (
			);
			dependencies = (
			);
			name = UnidirectionalDataFlow;
			productName = Test;
			productReference = 0A010D57239609C200627B7B /* UnidirectionalDataFlow.app */;
			productType = "com.apple.product-type.application";
		};
		48402F1323D1FEF70033AC98 /* UnidirectionalDataFlowTests */ = {
			isa = PBXNativeTarget;
			buildConfigurationList = 48402F1D23D1FEF70033AC98 /* Build configuration list for PBXNativeTarget "UnidirectionalDataFlowTests" */;
			buildPhases = (
				A0907837E295D73DB1CED5CB /* [CP] Check Pods Manifest.lock */,
				48402F1023D1FEF70033AC98 /* Sources */,
				48402F1123D1FEF70033AC98 /* Frameworks */,
				48402F1223D1FEF70033AC98 /* Resources */,
				C588F6144B2F89CABDEFE139 /* [CP] Embed Pods Frameworks */,
			);
			buildRules = (
			);
			dependencies = (
				48402F1A23D1FEF70033AC98 /* PBXTargetDependency */,
			);
			name = UnidirectionalDataFlowTests;
			productName = UnidirectionalDataFlowTests;
			productReference = 48402F1423D1FEF70033AC98 /* UnidirectionalDataFlowTests.xctest */;
			productType = "com.apple.product-type.bundle.unit-test";
		};
/* End PBXNativeTarget section */

/* Begin PBXProject section */
		0A010D4F239609C200627B7B /* Project object */ = {
			isa = PBXProject;
			attributes = {
				LastSwiftUpdateCheck = 1130;
				LastUpgradeCheck = 1120;
				ORGANIZATIONNAME = "Ismael Ussefatt";
				TargetAttributes = {
					0A010D56239609C200627B7B = {
						CreatedOnToolsVersion = 11.2.1;
					};
					48402F1323D1FEF70033AC98 = {
						CreatedOnToolsVersion = 11.3;
						TestTargetID = 0A010D56239609C200627B7B;
					};
				};
			};
			buildConfigurationList = 0A010D52239609C200627B7B /* Build configuration list for PBXProject "UnidirectionalDataFlow" */;
			compatibilityVersion = "Xcode 9.3";
			developmentRegion = en;
			hasScannedForEncodings = 0;
			knownRegions = (
				en,
				Base,
			);
			mainGroup = 0A010D4E239609C200627B7B;
			productRefGroup = 0A010D58239609C200627B7B /* Products */;
			projectDirPath = "";
			projectRoot = "";
			targets = (
				0A010D56239609C200627B7B /* UnidirectionalDataFlow */,
				48402F1323D1FEF70033AC98 /* UnidirectionalDataFlowTests */,
			);
		};
/* End PBXProject section */

/* Begin PBXResourcesBuildPhase section */
		0A010D55239609C200627B7B /* Resources */ = {
			isa = PBXResourcesBuildPhase;
			buildActionMask = 2147483647;
			files = (
				0A010D67239609C400627B7B /* LaunchScreen.storyboard in Resources */,
				0A010D64239609C400627B7B /* Assets.xcassets in Resources */,
			);
			runOnlyForDeploymentPostprocessing = 0;
		};
		48402F1223D1FEF70033AC98 /* Resources */ = {
			isa = PBXResourcesBuildPhase;
			buildActionMask = 2147483647;
			files = (
			);
			runOnlyForDeploymentPostprocessing = 0;
		};
/* End PBXResourcesBuildPhase section */

/* Begin PBXShellScriptBuildPhase section */
		047B21EA3D9BBD1A0097156E /* [CP] Check Pods Manifest.lock */ = {
			isa = PBXShellScriptBuildPhase;
			buildActionMask = 2147483647;
			files = (
			);
			inputFileListPaths = (
			);
			inputPaths = (
				"${PODS_PODFILE_DIR_PATH}/Podfile.lock",
				"${PODS_ROOT}/Manifest.lock",
			);
			name = "[CP] Check Pods Manifest.lock";
			outputFileListPaths = (
			);
			outputPaths = (
				"$(DERIVED_FILE_DIR)/Pods-UnidirectionalDataFlow-checkManifestLockResult.txt",
			);
			runOnlyForDeploymentPostprocessing = 0;
			shellPath = /bin/sh;
			shellScript = "diff \"${PODS_PODFILE_DIR_PATH}/Podfile.lock\" \"${PODS_ROOT}/Manifest.lock\" > /dev/null\nif [ $? != 0 ] ; then\n    # print error to STDERR\n    echo \"error: The sandbox is not in sync with the Podfile.lock. Run 'pod install' or update your CocoaPods installation.\" >&2\n    exit 1\nfi\n# This output is used by Xcode 'outputs' to avoid re-running this script phase.\necho \"SUCCESS\" > \"${SCRIPT_OUTPUT_FILE_0}\"\n";
			showEnvVarsInLog = 0;
		};
		57BC5941AA4193C6960F4876 /* [CP] Embed Pods Frameworks */ = {
			isa = PBXShellScriptBuildPhase;
			buildActionMask = 2147483647;
			files = (
			);
			inputFileListPaths = (
				"${PODS_ROOT}/Target Support Files/Pods-UnidirectionalDataFlow/Pods-UnidirectionalDataFlow-frameworks-${CONFIGURATION}-input-files.xcfilelist",
			);
			name = "[CP] Embed Pods Frameworks";
			outputFileListPaths = (
				"${PODS_ROOT}/Target Support Files/Pods-UnidirectionalDataFlow/Pods-UnidirectionalDataFlow-frameworks-${CONFIGURATION}-output-files.xcfilelist",
			);
			runOnlyForDeploymentPostprocessing = 0;
			shellPath = /bin/sh;
			shellScript = "\"${PODS_ROOT}/Target Support Files/Pods-UnidirectionalDataFlow/Pods-UnidirectionalDataFlow-frameworks.sh\"\n";
			showEnvVarsInLog = 0;
		};
		A0907837E295D73DB1CED5CB /* [CP] Check Pods Manifest.lock */ = {
			isa = PBXShellScriptBuildPhase;
			buildActionMask = 2147483647;
			files = (
			);
			inputFileListPaths = (
			);
			inputPaths = (
				"${PODS_PODFILE_DIR_PATH}/Podfile.lock",
				"${PODS_ROOT}/Manifest.lock",
			);
			name = "[CP] Check Pods Manifest.lock";
			outputFileListPaths = (
			);
			outputPaths = (
				"$(DERIVED_FILE_DIR)/Pods-UnidirectionalDataFlowTests-checkManifestLockResult.txt",
			);
			runOnlyForDeploymentPostprocessing = 0;
			shellPath = /bin/sh;
			shellScript = "diff \"${PODS_PODFILE_DIR_PATH}/Podfile.lock\" \"${PODS_ROOT}/Manifest.lock\" > /dev/null\nif [ $? != 0 ] ; then\n    # print error to STDERR\n    echo \"error: The sandbox is not in sync with the Podfile.lock. Run 'pod install' or update your CocoaPods installation.\" >&2\n    exit 1\nfi\n# This output is used by Xcode 'outputs' to avoid re-running this script phase.\necho \"SUCCESS\" > \"${SCRIPT_OUTPUT_FILE_0}\"\n";
			showEnvVarsInLog = 0;
		};
		C588F6144B2F89CABDEFE139 /* [CP] Embed Pods Frameworks */ = {
			isa = PBXShellScriptBuildPhase;
			buildActionMask = 2147483647;
			files = (
			);
			inputFileListPaths = (
				"${PODS_ROOT}/Target Support Files/Pods-UnidirectionalDataFlowTests/Pods-UnidirectionalDataFlowTests-frameworks-${CONFIGURATION}-input-files.xcfilelist",
			);
			name = "[CP] Embed Pods Frameworks";
			outputFileListPaths = (
				"${PODS_ROOT}/Target Support Files/Pods-UnidirectionalDataFlowTests/Pods-UnidirectionalDataFlowTests-frameworks-${CONFIGURATION}-output-files.xcfilelist",
			);
			runOnlyForDeploymentPostprocessing = 0;
			shellPath = /bin/sh;
			shellScript = "\"${PODS_ROOT}/Target Support Files/Pods-UnidirectionalDataFlowTests/Pods-UnidirectionalDataFlowTests-frameworks.sh\"\n";
			showEnvVarsInLog = 0;
		};
/* End PBXShellScriptBuildPhase section */

/* Begin PBXSourcesBuildPhase section */
		0A010D53239609C200627B7B /* Sources */ = {
			isa = PBXSourcesBuildPhase;
			buildActionMask = 2147483647;
			files = (
				48618FCF23D1F27F0035E6E3 /* User.swift in Sources */,
				0A010D5F239609C200627B7B /* SampleViewController.swift in Sources */,
				0A08E87223B13405002B5A21 /* SampleService.swift in Sources */,
				0A08E86F23B132AD002B5A21 /* Rx+MappingModels.swift in Sources */,
				0AD5F53E23AE627A00FC19E1 /* SampleModuleManager.swift in Sources */,
				0AD5F54023AE62AE00FC19E1 /* ModuleManagerProtocol.swift in Sources */,
				0A08E87F23B18B58002B5A21 /* RxCollectionViewController.swift in Sources */,
				0AD5F52A23A574A500FC19E1 /* ViewModel.swift in Sources */,
				0A5A359023B124D300BEAEA8 /* TargetType.swift in Sources */,
				0AD5F54323AE639700FC19E1 /* SampleView.swift in Sources */,
				0AD5F53323ADC22500FC19E1 /* LoadableViewController.swift in Sources */,
				0A5A358E23B1213800BEAEA8 /* RequestProvider.swift in Sources */,
				0AC78FEA23B5219A00871B8D /* SampleAdapter.swift in Sources */,
				0ABA745523D14E9700423047 /* RxTableViewController.swift in Sources */,
				0AD5F53823AE620200FC19E1 /* Rx+Extensions.swift in Sources */,
				0AF9095823AE739F0026F7A9 /* SampleState.swift in Sources */,
				0A08E87423B140AE002B5A21 /* SampleTargetType.swift in Sources */,
				48618FD123D1F2AF0035E6E3 /* UserResponse.swift in Sources */,
				0AD5F52E23A8613900FC19E1 /* AbstractMethod.swift in Sources */,
				48618FD523D1F94E0035E6E3 /* SampleMutation.swift in Sources */,
				0A010D5B239609C200627B7B /* AppDelegate.swift in Sources */,
				0AD5F52C23A6BC7F00FC19E1 /* ModuleManager.swift in Sources */,
				48618FD323D1F92E0035E6E3 /* SampleAction.swift in Sources */,
				0AD5F53023ADC1D400FC19E1 /* RxBaseViewController.swift in Sources */,
				0A22DFAF23A1D656009A4B42 /* SampleViewModel.swift in Sources */,
				0A08E88223B18C44002B5A21 /* SampleSection.swift in Sources */,
				0AF9095623AE73770026F7A9 /* SampleReducer.swift in Sources */,
			);
			runOnlyForDeploymentPostprocessing = 0;
		};
		48402F1023D1FEF70033AC98 /* Sources */ = {
			isa = PBXSourcesBuildPhase;
			buildActionMask = 2147483647;
			files = (
				48402F1F23D1FFAE0033AC98 /* SampleAdapterSpec.swift in Sources */,
				48402F2C23D204780033AC98 /* SampleReducerSpec.swift in Sources */,
				48402F2E23D206D20033AC98 /* SampleViewModelSpec.swift in Sources */,
				48402F2423D200CC0033AC98 /* Observable+Extensions.swift in Sources */,
				48402F2223D200750033AC98 /* Quick+Extensions.swift in Sources */,
				48402F2923D2023F0033AC98 /* TestableObservable+Extensions.swift in Sources */,
				48402F2723D201870033AC98 /* SampleAdapterBehaviour.swift in Sources */,
			);
			runOnlyForDeploymentPostprocessing = 0;
		};
/* End PBXSourcesBuildPhase section */

/* Begin PBXTargetDependency section */
		48402F1A23D1FEF70033AC98 /* PBXTargetDependency */ = {
			isa = PBXTargetDependency;
			target = 0A010D56239609C200627B7B /* UnidirectionalDataFlow */;
			targetProxy = 48402F1923D1FEF70033AC98 /* PBXContainerItemProxy */;
		};
/* End PBXTargetDependency section */

/* Begin PBXVariantGroup section */
		0A010D65239609C400627B7B /* LaunchScreen.storyboard */ = {
			isa = PBXVariantGroup;
			children = (
				0A010D66239609C400627B7B /* Base */,
			);
			name = LaunchScreen.storyboard;
			sourceTree = "<group>";
		};
/* End PBXVariantGroup section */

/* Begin XCBuildConfiguration section */
		0A010D69239609C400627B7B /* Debug */ = {
			isa = XCBuildConfiguration;
			buildSettings = {
				ALWAYS_SEARCH_USER_PATHS = NO;
				CLANG_ANALYZER_NONNULL = YES;
				CLANG_ANALYZER_NUMBER_OBJECT_CONVERSION = YES_AGGRESSIVE;
				CLANG_CXX_LANGUAGE_STANDARD = "gnu++14";
				CLANG_CXX_LIBRARY = "libc++";
				CLANG_ENABLE_MODULES = YES;
				CLANG_ENABLE_OBJC_ARC = YES;
				CLANG_ENABLE_OBJC_WEAK = YES;
				CLANG_WARN_BLOCK_CAPTURE_AUTORELEASING = YES;
				CLANG_WARN_BOOL_CONVERSION = YES;
				CLANG_WARN_COMMA = YES;
				CLANG_WARN_CONSTANT_CONVERSION = YES;
				CLANG_WARN_DEPRECATED_OBJC_IMPLEMENTATIONS = YES;
				CLANG_WARN_DIRECT_OBJC_ISA_USAGE = YES_ERROR;
				CLANG_WARN_DOCUMENTATION_COMMENTS = YES;
				CLANG_WARN_EMPTY_BODY = YES;
				CLANG_WARN_ENUM_CONVERSION = YES;
				CLANG_WARN_INFINITE_RECURSION = YES;
				CLANG_WARN_INT_CONVERSION = YES;
				CLANG_WARN_NON_LITERAL_NULL_CONVERSION = YES;
				CLANG_WARN_OBJC_IMPLICIT_RETAIN_SELF = YES;
				CLANG_WARN_OBJC_LITERAL_CONVERSION = YES;
				CLANG_WARN_OBJC_ROOT_CLASS = YES_ERROR;
				CLANG_WARN_RANGE_LOOP_ANALYSIS = YES;
				CLANG_WARN_STRICT_PROTOTYPES = YES;
				CLANG_WARN_SUSPICIOUS_MOVE = YES;
				CLANG_WARN_UNGUARDED_AVAILABILITY = YES_AGGRESSIVE;
				CLANG_WARN_UNREACHABLE_CODE = YES;
				CLANG_WARN__DUPLICATE_METHOD_MATCH = YES;
				COPY_PHASE_STRIP = NO;
				DEBUG_INFORMATION_FORMAT = dwarf;
				ENABLE_STRICT_OBJC_MSGSEND = YES;
				ENABLE_TESTABILITY = YES;
				GCC_C_LANGUAGE_STANDARD = gnu11;
				GCC_DYNAMIC_NO_PIC = NO;
				GCC_NO_COMMON_BLOCKS = YES;
				GCC_OPTIMIZATION_LEVEL = 0;
				GCC_PREPROCESSOR_DEFINITIONS = (
					"DEBUG=1",
					"$(inherited)",
				);
				GCC_WARN_64_TO_32_BIT_CONVERSION = YES;
				GCC_WARN_ABOUT_RETURN_TYPE = YES_ERROR;
				GCC_WARN_UNDECLARED_SELECTOR = YES;
				GCC_WARN_UNINITIALIZED_AUTOS = YES_AGGRESSIVE;
				GCC_WARN_UNUSED_FUNCTION = YES;
				GCC_WARN_UNUSED_VARIABLE = YES;
				IPHONEOS_DEPLOYMENT_TARGET = 13.2;
				MTL_ENABLE_DEBUG_INFO = INCLUDE_SOURCE;
				MTL_FAST_MATH = YES;
				ONLY_ACTIVE_ARCH = YES;
				SDKROOT = iphoneos;
				SWIFT_ACTIVE_COMPILATION_CONDITIONS = DEBUG;
				SWIFT_OPTIMIZATION_LEVEL = "-Onone";
			};
			name = Debug;
		};
		0A010D6A239609C400627B7B /* Release */ = {
			isa = XCBuildConfiguration;
			buildSettings = {
				ALWAYS_SEARCH_USER_PATHS = NO;
				CLANG_ANALYZER_NONNULL = YES;
				CLANG_ANALYZER_NUMBER_OBJECT_CONVERSION = YES_AGGRESSIVE;
				CLANG_CXX_LANGUAGE_STANDARD = "gnu++14";
				CLANG_CXX_LIBRARY = "libc++";
				CLANG_ENABLE_MODULES = YES;
				CLANG_ENABLE_OBJC_ARC = YES;
				CLANG_ENABLE_OBJC_WEAK = YES;
				CLANG_WARN_BLOCK_CAPTURE_AUTORELEASING = YES;
				CLANG_WARN_BOOL_CONVERSION = YES;
				CLANG_WARN_COMMA = YES;
				CLANG_WARN_CONSTANT_CONVERSION = YES;
				CLANG_WARN_DEPRECATED_OBJC_IMPLEMENTATIONS = YES;
				CLANG_WARN_DIRECT_OBJC_ISA_USAGE = YES_ERROR;
				CLANG_WARN_DOCUMENTATION_COMMENTS = YES;
				CLANG_WARN_EMPTY_BODY = YES;
				CLANG_WARN_ENUM_CONVERSION = YES;
				CLANG_WARN_INFINITE_RECURSION = YES;
				CLANG_WARN_INT_CONVERSION = YES;
				CLANG_WARN_NON_LITERAL_NULL_CONVERSION = YES;
				CLANG_WARN_OBJC_IMPLICIT_RETAIN_SELF = YES;
				CLANG_WARN_OBJC_LITERAL_CONVERSION = YES;
				CLANG_WARN_OBJC_ROOT_CLASS = YES_ERROR;
				CLANG_WARN_RANGE_LOOP_ANALYSIS = YES;
				CLANG_WARN_STRICT_PROTOTYPES = YES;
				CLANG_WARN_SUSPICIOUS_MOVE = YES;
				CLANG_WARN_UNGUARDED_AVAILABILITY = YES_AGGRESSIVE;
				CLANG_WARN_UNREACHABLE_CODE = YES;
				CLANG_WARN__DUPLICATE_METHOD_MATCH = YES;
				COPY_PHASE_STRIP = NO;
				DEBUG_INFORMATION_FORMAT = "dwarf-with-dsym";
				ENABLE_NS_ASSERTIONS = NO;
				ENABLE_STRICT_OBJC_MSGSEND = YES;
				GCC_C_LANGUAGE_STANDARD = gnu11;
				GCC_NO_COMMON_BLOCKS = YES;
				GCC_WARN_64_TO_32_BIT_CONVERSION = YES;
				GCC_WARN_ABOUT_RETURN_TYPE = YES_ERROR;
				GCC_WARN_UNDECLARED_SELECTOR = YES;
				GCC_WARN_UNINITIALIZED_AUTOS = YES_AGGRESSIVE;
				GCC_WARN_UNUSED_FUNCTION = YES;
				GCC_WARN_UNUSED_VARIABLE = YES;
				IPHONEOS_DEPLOYMENT_TARGET = 13.2;
				MTL_ENABLE_DEBUG_INFO = NO;
				MTL_FAST_MATH = YES;
				SDKROOT = iphoneos;
				SWIFT_COMPILATION_MODE = wholemodule;
				SWIFT_OPTIMIZATION_LEVEL = "-O";
				VALIDATE_PRODUCT = YES;
			};
			name = Release;
		};
		0A010D6C239609C400627B7B /* Debug */ = {
			isa = XCBuildConfiguration;
			baseConfigurationReference = 8EA0C583E58A004485934906 /* Pods-UnidirectionalDataFlow.debug.xcconfig */;
			buildSettings = {
				ASSETCATALOG_COMPILER_APPICON_NAME = AppIcon;
				CODE_SIGN_STYLE = Automatic;
				DEVELOPMENT_TEAM = N8L73MY565;
				INFOPLIST_FILE = "$(SRCROOT)/UnidirectionalDataFlow/Info.plist";
				LD_RUNPATH_SEARCH_PATHS = (
					"$(inherited)",
					"@executable_path/Frameworks",
				);
				PRODUCT_BUNDLE_IDENTIFIER = "Ismael-Ussefatt.Test";
				PRODUCT_NAME = "$(TARGET_NAME)";
				SWIFT_VERSION = 5.0;
				TARGETED_DEVICE_FAMILY = "1,2";
			};
			name = Debug;
		};
		0A010D6D239609C400627B7B /* Release */ = {
			isa = XCBuildConfiguration;
			baseConfigurationReference = F3A7CD1E9BC7B0E61B3EF1FC /* Pods-UnidirectionalDataFlow.release.xcconfig */;
			buildSettings = {
				ASSETCATALOG_COMPILER_APPICON_NAME = AppIcon;
				CODE_SIGN_STYLE = Automatic;
				DEVELOPMENT_TEAM = N8L73MY565;
				INFOPLIST_FILE = "$(SRCROOT)/UnidirectionalDataFlow/Info.plist";
				LD_RUNPATH_SEARCH_PATHS = (
					"$(inherited)",
					"@executable_path/Frameworks",
				);
				PRODUCT_BUNDLE_IDENTIFIER = "Ismael-Ussefatt.Test";
				PRODUCT_NAME = "$(TARGET_NAME)";
				SWIFT_VERSION = 5.0;
				TARGETED_DEVICE_FAMILY = "1,2";
			};
			name = Release;
		};
		48402F1B23D1FEF70033AC98 /* Debug */ = {
			isa = XCBuildConfiguration;
			baseConfigurationReference = 66AC8BA71EE52663DFB370F0 /* Pods-UnidirectionalDataFlowTests.debug.xcconfig */;
			buildSettings = {
				BUNDLE_LOADER = "$(TEST_HOST)";
				CODE_SIGN_STYLE = Automatic;
				INFOPLIST_FILE = UnidirectionalDataFlowTests/Info.plist;
				LD_RUNPATH_SEARCH_PATHS = (
					"$(inherited)",
					"@executable_path/Frameworks",
					"@loader_path/Frameworks",
				);
				PRODUCT_BUNDLE_IDENTIFIER = ismael.UnidirectionalDataFlowTests;
				PRODUCT_NAME = "$(TARGET_NAME)";
				SWIFT_VERSION = 5.0;
				TARGETED_DEVICE_FAMILY = "1,2";
				TEST_HOST = "$(BUILT_PRODUCTS_DIR)/UnidirectionalDataFlow.app/UnidirectionalDataFlow";
			};
			name = Debug;
		};
		48402F1C23D1FEF70033AC98 /* Release */ = {
			isa = XCBuildConfiguration;
			baseConfigurationReference = 454D36B92FA0E2D4F1556FE5 /* Pods-UnidirectionalDataFlowTests.release.xcconfig */;
			buildSettings = {
				BUNDLE_LOADER = "$(TEST_HOST)";
				CODE_SIGN_STYLE = Automatic;
				INFOPLIST_FILE = UnidirectionalDataFlowTests/Info.plist;
				LD_RUNPATH_SEARCH_PATHS = (
					"$(inherited)",
					"@executable_path/Frameworks",
					"@loader_path/Frameworks",
				);
				PRODUCT_BUNDLE_IDENTIFIER = ismael.UnidirectionalDataFlowTests;
				PRODUCT_NAME = "$(TARGET_NAME)";
				SWIFT_VERSION = 5.0;
				TARGETED_DEVICE_FAMILY = "1,2";
				TEST_HOST = "$(BUILT_PRODUCTS_DIR)/UnidirectionalDataFlow.app/UnidirectionalDataFlow";
			};
			name = Release;
		};
/* End XCBuildConfiguration section */

/* Begin XCConfigurationList section */
		0A010D52239609C200627B7B /* Build configuration list for PBXProject "UnidirectionalDataFlow" */ = {
			isa = XCConfigurationList;
			buildConfigurations = (
				0A010D69239609C400627B7B /* Debug */,
				0A010D6A239609C400627B7B /* Release */,
			);
			defaultConfigurationIsVisible = 0;
			defaultConfigurationName = Release;
		};
		0A010D6B239609C400627B7B /* Build configuration list for PBXNativeTarget "UnidirectionalDataFlow" */ = {
			isa = XCConfigurationList;
			buildConfigurations = (
				0A010D6C239609C400627B7B /* Debug */,
				0A010D6D239609C400627B7B /* Release */,
			);
			defaultConfigurationIsVisible = 0;
			defaultConfigurationName = Release;
		};
		48402F1D23D1FEF70033AC98 /* Build configuration list for PBXNativeTarget "UnidirectionalDataFlowTests" */ = {
			isa = XCConfigurationList;
			buildConfigurations = (
				48402F1B23D1FEF70033AC98 /* Debug */,
				48402F1C23D1FEF70033AC98 /* Release */,
			);
			defaultConfigurationIsVisible = 0;
			defaultConfigurationName = Release;
		};
/* End XCConfigurationList section */
	};
	rootObject = 0A010D4F239609C200627B7B /* Project object */;
}
